
Microsoft Visual Studio Solution File, Format Version 12.00
# Visual Studio Version 16
VisualStudioVersion = 16.0.30128.74
MinimumVisualStudioVersion = 10.0.40219.1
Project("{FAE04EC0-301F-11D3-BF4B-00C04F79EFBC}") = "001_Inheritance", "001_Inheritance\001_Inheritance.csproj", "{BD160CC0-D882-4727-A089-705A0E3E9BD9}"
EndProject
Global
	GlobalSection(SolutionConfigurationPlatforms) = preSolution
		Debug|Any CPU = Debug|Any CPU
		Release|Any CPU = Release|Any CPU
	EndGlobalSection
	GlobalSection(ProjectConfigurationPlatforms) = postSolution
		{BD160CC0-D882-4727-A089-705A0E3E9BD9}.Debug|Any CPU.ActiveCfg = Debug|Any CPU
		{BD160CC0-D882-4727-A089-705A0E3E9BD9}.Debug|Any CPU.Build.0 = Debug|Any CPU
		{BD160CC0-D882-4727-A089-705A0E3E9BD9}.Release|Any CPU.ActiveCfg = Release|Any CPU
		{BD160CC0-D882-4727-A089-705A0E3E9BD9}.Release|Any CPU.Build.0 = Release|Any CPU
	EndGlobalSection
	GlobalSection(SolutionProperties) = preSolution
		HideSolutionNode = FALSE
	EndGlobalSection
	GlobalSection(ExtensibilityGlobals) = postSolution
		SolutionGuid = {52FC468E-DCE5-4E54-B8F6-064F1C22D9D5}
	EndGlobalSection
EndGlobal
