
Microsoft Visual Studio Solution File, Format Version 12.00
# Visual Studio Version 16
VisualStudioVersion = 16.0.30128.74
MinimumVisualStudioVersion = 10.0.40219.1
Project("{FAE04EC0-301F-11D3-BF4B-00C04F79EFBC}") = "001_Inheritance", "001_Inheritance\001_Inheritance.csproj", "{BD160CC0-D882-4727-A089-705A0E3E9BD9}"
EndProject
Project("{FAE04EC0-301F-11D3-BF4B-00C04F79EFBC}") = "002_Inheritance", "002_Inheritance\002_Inheritance.csproj", "{05E0226C-A990-420D-A936-ECA86E1E7E4B}"
EndProject
Project("{FAE04EC0-301F-11D3-BF4B-00C04F79EFBC}") = "003_Constuctor", "003_Constuctor\003_Constuctor.csproj", "{CBC5C53A-D7FB-426F-93EB-B1BA6B0A53F3}"
EndProject
Project("{FAE04EC0-301F-11D3-BF4B-00C04F79EFBC}") = "004_Constructor", "004_Constructor\004_Constructor.csproj", "{7872A439-3EE9-44ED-BB1A-2176BA4E2CB5}"
EndProject
Project("{FAE04EC0-301F-11D3-BF4B-00C04F79EFBC}") = "005_Inheritance", "005_Inheritance\005_Inheritance.csproj", "{A4FC11A9-B32F-4AB5-BB1B-5DF340A019D5}"
EndProject
Project("{FAE04EC0-301F-11D3-BF4B-00C04F79EFBC}") = "006_Inheritance", "006_Inheritance\006_Inheritance.csproj", "{DDC52820-0C38-4D82-8D98-E80FE115B7E1}"
EndProject
Project("{FAE04EC0-301F-11D3-BF4B-00C04F79EFBC}") = "007_Virtual", "007_Inheritance\007_Virtual.csproj", "{CAE4B693-B7BF-4992-9EF7-CF3DF3DE5424}"
EndProject
Project("{FAE04EC0-301F-11D3-BF4B-00C04F79EFBC}") = "008_base.Method", "008_Inheritance\008_base.Method.csproj", "{2E6DF259-9612-47C1-858A-F34A92CAE027}"
EndProject
Project("{FAE04EC0-301F-11D3-BF4B-00C04F79EFBC}") = "009_IsAs", "009_IsAs\009_IsAs.csproj", "{74FCBCDD-58BA-4E12-8926-31CF8564FA0D}"
EndProject
Project("{FAE04EC0-301F-11D3-BF4B-00C04F79EFBC}") = "010_Sealed", "010_Sealed\010_Sealed.csproj", "{DADD6176-F3F6-4E3F-B392-E7C3966847C5}"
EndProject
Project("{FAE04EC0-301F-11D3-BF4B-00C04F79EFBC}") = "011_Polimorphism", "011_Polimorphism\011_Polimorphism.csproj", "{A5ADF545-05FF-41E2-B4D3-595FC82A5BB9}"
EndProject
Project("{FAE04EC0-301F-11D3-BF4B-00C04F79EFBC}") = "012_Polimorphism", "012_Polimorphism\012_Polimorphism.csproj", "{A749C010-F754-4202-A6D8-C2DD01265F11}"
EndProject
Global
	GlobalSection(SolutionConfigurationPlatforms) = preSolution
		Debug|Any CPU = Debug|Any CPU
		Release|Any CPU = Release|Any CPU
	EndGlobalSection
	GlobalSection(ProjectConfigurationPlatforms) = postSolution
		{BD160CC0-D882-4727-A089-705A0E3E9BD9}.Debug|Any CPU.ActiveCfg = Debug|Any CPU
		{BD160CC0-D882-4727-A089-705A0E3E9BD9}.Debug|Any CPU.Build.0 = Debug|Any CPU
		{BD160CC0-D882-4727-A089-705A0E3E9BD9}.Release|Any CPU.ActiveCfg = Release|Any CPU
		{BD160CC0-D882-4727-A089-705A0E3E9BD9}.Release|Any CPU.Build.0 = Release|Any CPU
		{05E0226C-A990-420D-A936-ECA86E1E7E4B}.Debug|Any CPU.ActiveCfg = Debug|Any CPU
		{05E0226C-A990-420D-A936-ECA86E1E7E4B}.Debug|Any CPU.Build.0 = Debug|Any CPU
		{05E0226C-A990-420D-A936-ECA86E1E7E4B}.Release|Any CPU.ActiveCfg = Release|Any CPU
		{05E0226C-A990-420D-A936-ECA86E1E7E4B}.Release|Any CPU.Build.0 = Release|Any CPU
		{CBC5C53A-D7FB-426F-93EB-B1BA6B0A53F3}.Debug|Any CPU.ActiveCfg = Debug|Any CPU
		{CBC5C53A-D7FB-426F-93EB-B1BA6B0A53F3}.Debug|Any CPU.Build.0 = Debug|Any CPU
		{CBC5C53A-D7FB-426F-93EB-B1BA6B0A53F3}.Release|Any CPU.ActiveCfg = Release|Any CPU
		{CBC5C53A-D7FB-426F-93EB-B1BA6B0A53F3}.Release|Any CPU.Build.0 = Release|Any CPU
		{7872A439-3EE9-44ED-BB1A-2176BA4E2CB5}.Debug|Any CPU.ActiveCfg = Debug|Any CPU
		{7872A439-3EE9-44ED-BB1A-2176BA4E2CB5}.Debug|Any CPU.Build.0 = Debug|Any CPU
		{7872A439-3EE9-44ED-BB1A-2176BA4E2CB5}.Release|Any CPU.ActiveCfg = Release|Any CPU
		{7872A439-3EE9-44ED-BB1A-2176BA4E2CB5}.Release|Any CPU.Build.0 = Release|Any CPU
		{A4FC11A9-B32F-4AB5-BB1B-5DF340A019D5}.Debug|Any CPU.ActiveCfg = Debug|Any CPU
		{A4FC11A9-B32F-4AB5-BB1B-5DF340A019D5}.Debug|Any CPU.Build.0 = Debug|Any CPU
		{A4FC11A9-B32F-4AB5-BB1B-5DF340A019D5}.Release|Any CPU.ActiveCfg = Release|Any CPU
		{A4FC11A9-B32F-4AB5-BB1B-5DF340A019D5}.Release|Any CPU.Build.0 = Release|Any CPU
		{DDC52820-0C38-4D82-8D98-E80FE115B7E1}.Debug|Any CPU.ActiveCfg = Debug|Any CPU
		{DDC52820-0C38-4D82-8D98-E80FE115B7E1}.Debug|Any CPU.Build.0 = Debug|Any CPU
		{DDC52820-0C38-4D82-8D98-E80FE115B7E1}.Release|Any CPU.ActiveCfg = Release|Any CPU
		{DDC52820-0C38-4D82-8D98-E80FE115B7E1}.Release|Any CPU.Build.0 = Release|Any CPU
		{CAE4B693-B7BF-4992-9EF7-CF3DF3DE5424}.Debug|Any CPU.ActiveCfg = Debug|Any CPU
		{CAE4B693-B7BF-4992-9EF7-CF3DF3DE5424}.Debug|Any CPU.Build.0 = Debug|Any CPU
		{CAE4B693-B7BF-4992-9EF7-CF3DF3DE5424}.Release|Any CPU.ActiveCfg = Release|Any CPU
		{CAE4B693-B7BF-4992-9EF7-CF3DF3DE5424}.Release|Any CPU.Build.0 = Release|Any CPU
		{2E6DF259-9612-47C1-858A-F34A92CAE027}.Debug|Any CPU.ActiveCfg = Debug|Any CPU
		{2E6DF259-9612-47C1-858A-F34A92CAE027}.Debug|Any CPU.Build.0 = Debug|Any CPU
		{2E6DF259-9612-47C1-858A-F34A92CAE027}.Release|Any CPU.ActiveCfg = Release|Any CPU
		{2E6DF259-9612-47C1-858A-F34A92CAE027}.Release|Any CPU.Build.0 = Release|Any CPU
		{74FCBCDD-58BA-4E12-8926-31CF8564FA0D}.Debug|Any CPU.ActiveCfg = Debug|Any CPU
		{74FCBCDD-58BA-4E12-8926-31CF8564FA0D}.Debug|Any CPU.Build.0 = Debug|Any CPU
		{74FCBCDD-58BA-4E12-8926-31CF8564FA0D}.Release|Any CPU.ActiveCfg = Release|Any CPU
		{74FCBCDD-58BA-4E12-8926-31CF8564FA0D}.Release|Any CPU.Build.0 = Release|Any CPU
		{DADD6176-F3F6-4E3F-B392-E7C3966847C5}.Debug|Any CPU.ActiveCfg = Debug|Any CPU
		{DADD6176-F3F6-4E3F-B392-E7C3966847C5}.Debug|Any CPU.Build.0 = Debug|Any CPU
		{DADD6176-F3F6-4E3F-B392-E7C3966847C5}.Release|Any CPU.ActiveCfg = Release|Any CPU
		{DADD6176-F3F6-4E3F-B392-E7C3966847C5}.Release|Any CPU.Build.0 = Release|Any CPU
		{A5ADF545-05FF-41E2-B4D3-595FC82A5BB9}.Debug|Any CPU.ActiveCfg = Debug|Any CPU
		{A5ADF545-05FF-41E2-B4D3-595FC82A5BB9}.Debug|Any CPU.Build.0 = Debug|Any CPU
		{A5ADF545-05FF-41E2-B4D3-595FC82A5BB9}.Release|Any CPU.ActiveCfg = Release|Any CPU
		{A5ADF545-05FF-41E2-B4D3-595FC82A5BB9}.Release|Any CPU.Build.0 = Release|Any CPU
		{A749C010-F754-4202-A6D8-C2DD01265F11}.Debug|Any CPU.ActiveCfg = Debug|Any CPU
		{A749C010-F754-4202-A6D8-C2DD01265F11}.Debug|Any CPU.Build.0 = Debug|Any CPU
		{A749C010-F754-4202-A6D8-C2DD01265F11}.Release|Any CPU.ActiveCfg = Release|Any CPU
		{A749C010-F754-4202-A6D8-C2DD01265F11}.Release|Any CPU.Build.0 = Release|Any CPU
	EndGlobalSection
	GlobalSection(SolutionProperties) = preSolution
		HideSolutionNode = FALSE
	EndGlobalSection
	GlobalSection(ExtensibilityGlobals) = postSolution
		SolutionGuid = {52FC468E-DCE5-4E54-B8F6-064F1C22D9D5}
	EndGlobalSection
EndGlobal
