
Microsoft Visual Studio Solution File, Format Version 12.00
# Visual Studio Version 16
VisualStudioVersion = 16.0.30128.74
MinimumVisualStudioVersion = 10.0.40219.1
Project("{FAE04EC0-301F-11D3-BF4B-00C04F79EFBC}") = "001_Inheritance", "001_Inheritance\001_Inheritance.csproj", "{BD160CC0-D882-4727-A089-705A0E3E9BD9}"
EndProject
Project("{FAE04EC0-301F-11D3-BF4B-00C04F79EFBC}") = "002_Inheritance", "002_Inheritance\002_Inheritance.csproj", "{05E0226C-A990-420D-A936-ECA86E1E7E4B}"
EndProject
Project("{FAE04EC0-301F-11D3-BF4B-00C04F79EFBC}") = "003_Constuctor", "003_Constuctor\003_Constuctor.csproj", "{CBC5C53A-D7FB-426F-93EB-B1BA6B0A53F3}"
EndProject
Project("{FAE04EC0-301F-11D3-BF4B-00C04F79EFBC}") = "004_Constructor", "004_Constructor\004_Constructor.csproj", "{7872A439-3EE9-44ED-BB1A-2176BA4E2CB5}"
EndProject
Global
	GlobalSection(SolutionConfigurationPlatforms) = preSolution
		Debug|Any CPU = Debug|Any CPU
		Release|Any CPU = Release|Any CPU
	EndGlobalSection
	GlobalSection(ProjectConfigurationPlatforms) = postSolution
		{BD160CC0-D882-4727-A089-705A0E3E9BD9}.Debug|Any CPU.ActiveCfg = Debug|Any CPU
		{BD160CC0-D882-4727-A089-705A0E3E9BD9}.Debug|Any CPU.Build.0 = Debug|Any CPU
		{BD160CC0-D882-4727-A089-705A0E3E9BD9}.Release|Any CPU.ActiveCfg = Release|Any CPU
		{BD160CC0-D882-4727-A089-705A0E3E9BD9}.Release|Any CPU.Build.0 = Release|Any CPU
		{05E0226C-A990-420D-A936-ECA86E1E7E4B}.Debug|Any CPU.ActiveCfg = Debug|Any CPU
		{05E0226C-A990-420D-A936-ECA86E1E7E4B}.Debug|Any CPU.Build.0 = Debug|Any CPU
		{05E0226C-A990-420D-A936-ECA86E1E7E4B}.Release|Any CPU.ActiveCfg = Release|Any CPU
		{05E0226C-A990-420D-A936-ECA86E1E7E4B}.Release|Any CPU.Build.0 = Release|Any CPU
		{CBC5C53A-D7FB-426F-93EB-B1BA6B0A53F3}.Debug|Any CPU.ActiveCfg = Debug|Any CPU
		{CBC5C53A-D7FB-426F-93EB-B1BA6B0A53F3}.Debug|Any CPU.Build.0 = Debug|Any CPU
		{CBC5C53A-D7FB-426F-93EB-B1BA6B0A53F3}.Release|Any CPU.ActiveCfg = Release|Any CPU
		{CBC5C53A-D7FB-426F-93EB-B1BA6B0A53F3}.Release|Any CPU.Build.0 = Release|Any CPU
		{7872A439-3EE9-44ED-BB1A-2176BA4E2CB5}.Debug|Any CPU.ActiveCfg = Debug|Any CPU
		{7872A439-3EE9-44ED-BB1A-2176BA4E2CB5}.Debug|Any CPU.Build.0 = Debug|Any CPU
		{7872A439-3EE9-44ED-BB1A-2176BA4E2CB5}.Release|Any CPU.ActiveCfg = Release|Any CPU
		{7872A439-3EE9-44ED-BB1A-2176BA4E2CB5}.Release|Any CPU.Build.0 = Release|Any CPU
	EndGlobalSection
	GlobalSection(SolutionProperties) = preSolution
		HideSolutionNode = FALSE
	EndGlobalSection
	GlobalSection(ExtensibilityGlobals) = postSolution
		SolutionGuid = {52FC468E-DCE5-4E54-B8F6-064F1C22D9D5}
	EndGlobalSection
EndGlobal
