
Microsoft Visual Studio Solution File, Format Version 12.00
# Visual Studio Version 16
VisualStudioVersion = 16.0.30804.86
MinimumVisualStudioVersion = 10.0.40219.1
Project("{FAE04EC0-301F-11D3-BF4B-00C04F79EFBC}") = "Anonymous_001", "Anonymous_001\Anonymous_001.csproj", "{6873446A-AB57-44B8-ADFF-36902BC62187}"
EndProject
Project("{FAE04EC0-301F-11D3-BF4B-00C04F79EFBC}") = "Anonymous_002", "Anonymous_002\Anonymous_002.csproj", "{449A816D-2988-49CE-9C3A-061140B36BEF}"
EndProject
Global
	GlobalSection(SolutionConfigurationPlatforms) = preSolution
		Debug|Any CPU = Debug|Any CPU
		Release|Any CPU = Release|Any CPU
	EndGlobalSection
	GlobalSection(ProjectConfigurationPlatforms) = postSolution
		{6873446A-AB57-44B8-ADFF-36902BC62187}.Debug|Any CPU.ActiveCfg = Debug|Any CPU
		{6873446A-AB57-44B8-ADFF-36902BC62187}.Debug|Any CPU.Build.0 = Debug|Any CPU
		{6873446A-AB57-44B8-ADFF-36902BC62187}.Release|Any CPU.ActiveCfg = Release|Any CPU
		{6873446A-AB57-44B8-ADFF-36902BC62187}.Release|Any CPU.Build.0 = Release|Any CPU
		{449A816D-2988-49CE-9C3A-061140B36BEF}.Debug|Any CPU.ActiveCfg = Debug|Any CPU
		{449A816D-2988-49CE-9C3A-061140B36BEF}.Debug|Any CPU.Build.0 = Debug|Any CPU
		{449A816D-2988-49CE-9C3A-061140B36BEF}.Release|Any CPU.ActiveCfg = Release|Any CPU
		{449A816D-2988-49CE-9C3A-061140B36BEF}.Release|Any CPU.Build.0 = Release|Any CPU
	EndGlobalSection
	GlobalSection(SolutionProperties) = preSolution
		HideSolutionNode = FALSE
	EndGlobalSection
	GlobalSection(ExtensibilityGlobals) = postSolution
		SolutionGuid = {CCA7D325-A8FB-4615-A08C-8BE9D0804C07}
	EndGlobalSection
EndGlobal
