
Microsoft Visual Studio Solution File, Format Version 12.00
# Visual Studio Version 16
VisualStudioVersion = 16.0.30804.86
MinimumVisualStudioVersion = 10.0.40219.1
Project("{FAE04EC0-301F-11D3-BF4B-00C04F79EFBC}") = "009_Threads_Join", "009_Threads_Join\009_Threads_Join.csproj", "{B95097C8-3C21-4520-AB0F-7C0251B8028D}"
EndProject
Project("{FAE04EC0-301F-11D3-BF4B-00C04F79EFBC}") = "010_Threads_Join", "010_Threads_Join\010_Threads_Join.csproj", "{B3F35ECC-81F3-4791-94C1-963852A9777C}"
EndProject
Project("{FAE04EC0-301F-11D3-BF4B-00C04F79EFBC}") = "011_Threads_InterLocked", "011_Threads_InterLocked\011_Threads_InterLocked.csproj", "{5178E450-F075-4011-90F6-A7D19E982A59}"
EndProject
Project("{FAE04EC0-301F-11D3-BF4B-00C04F79EFBC}") = "012_Threads_ThreadPool", "012_Threads_ThreadPool\012_Threads_ThreadPool.csproj", "{6F8F257D-1D1C-4845-862A-2388ABE33B52}"
EndProject
Project("{FAE04EC0-301F-11D3-BF4B-00C04F79EFBC}") = "013_Threads_Mutex", "013_Threads_Mutex\013_Threads_Mutex.csproj", "{C1300F1A-B442-47AE-B452-53E9DF687A74}"
EndProject
Project("{FAE04EC0-301F-11D3-BF4B-00C04F79EFBC}") = "014_Threads_Semaphore", "014_Threads_Semaphore\014_Threads_Semaphore.csproj", "{D89262EC-5D05-48CB-8BFA-53C6EE78D646}"
EndProject
Global
	GlobalSection(SolutionConfigurationPlatforms) = preSolution
		Debug|Any CPU = Debug|Any CPU
		Release|Any CPU = Release|Any CPU
	EndGlobalSection
	GlobalSection(ProjectConfigurationPlatforms) = postSolution
		{B95097C8-3C21-4520-AB0F-7C0251B8028D}.Debug|Any CPU.ActiveCfg = Debug|Any CPU
		{B95097C8-3C21-4520-AB0F-7C0251B8028D}.Debug|Any CPU.Build.0 = Debug|Any CPU
		{B95097C8-3C21-4520-AB0F-7C0251B8028D}.Release|Any CPU.ActiveCfg = Release|Any CPU
		{B95097C8-3C21-4520-AB0F-7C0251B8028D}.Release|Any CPU.Build.0 = Release|Any CPU
		{B3F35ECC-81F3-4791-94C1-963852A9777C}.Debug|Any CPU.ActiveCfg = Debug|Any CPU
		{B3F35ECC-81F3-4791-94C1-963852A9777C}.Debug|Any CPU.Build.0 = Debug|Any CPU
		{B3F35ECC-81F3-4791-94C1-963852A9777C}.Release|Any CPU.ActiveCfg = Release|Any CPU
		{B3F35ECC-81F3-4791-94C1-963852A9777C}.Release|Any CPU.Build.0 = Release|Any CPU
		{5178E450-F075-4011-90F6-A7D19E982A59}.Debug|Any CPU.ActiveCfg = Debug|Any CPU
		{5178E450-F075-4011-90F6-A7D19E982A59}.Debug|Any CPU.Build.0 = Debug|Any CPU
		{5178E450-F075-4011-90F6-A7D19E982A59}.Release|Any CPU.ActiveCfg = Release|Any CPU
		{5178E450-F075-4011-90F6-A7D19E982A59}.Release|Any CPU.Build.0 = Release|Any CPU
		{6F8F257D-1D1C-4845-862A-2388ABE33B52}.Debug|Any CPU.ActiveCfg = Debug|Any CPU
		{6F8F257D-1D1C-4845-862A-2388ABE33B52}.Debug|Any CPU.Build.0 = Debug|Any CPU
		{6F8F257D-1D1C-4845-862A-2388ABE33B52}.Release|Any CPU.ActiveCfg = Release|Any CPU
		{6F8F257D-1D1C-4845-862A-2388ABE33B52}.Release|Any CPU.Build.0 = Release|Any CPU
		{C1300F1A-B442-47AE-B452-53E9DF687A74}.Debug|Any CPU.ActiveCfg = Debug|Any CPU
		{C1300F1A-B442-47AE-B452-53E9DF687A74}.Debug|Any CPU.Build.0 = Debug|Any CPU
		{C1300F1A-B442-47AE-B452-53E9DF687A74}.Release|Any CPU.ActiveCfg = Release|Any CPU
		{C1300F1A-B442-47AE-B452-53E9DF687A74}.Release|Any CPU.Build.0 = Release|Any CPU
		{D89262EC-5D05-48CB-8BFA-53C6EE78D646}.Debug|Any CPU.ActiveCfg = Debug|Any CPU
		{D89262EC-5D05-48CB-8BFA-53C6EE78D646}.Debug|Any CPU.Build.0 = Debug|Any CPU
		{D89262EC-5D05-48CB-8BFA-53C6EE78D646}.Release|Any CPU.ActiveCfg = Release|Any CPU
		{D89262EC-5D05-48CB-8BFA-53C6EE78D646}.Release|Any CPU.Build.0 = Release|Any CPU
	EndGlobalSection
	GlobalSection(SolutionProperties) = preSolution
		HideSolutionNode = FALSE
	EndGlobalSection
	GlobalSection(ExtensibilityGlobals) = postSolution
		SolutionGuid = {8A68A7DD-D392-4FBE-B253-99A8914ECAC0}
	EndGlobalSection
EndGlobal
