
Microsoft Visual Studio Solution File, Format Version 12.00
# Visual Studio Version 16
VisualStudioVersion = 16.0.30804.86
MinimumVisualStudioVersion = 10.0.40219.1
Project("{FAE04EC0-301F-11D3-BF4B-00C04F79EFBC}") = "Threads_001", "Threads_001\Threads_001.csproj", "{07B2E941-5666-4B2D-9B54-220711859990}"
EndProject
Project("{FAE04EC0-301F-11D3-BF4B-00C04F79EFBC}") = "Threads_002", "Threads_002\Threads_002.csproj", "{44C4E331-F624-40D3-BABA-F031B814CA9B}"
EndProject
Project("{FAE04EC0-301F-11D3-BF4B-00C04F79EFBC}") = "Threads_003", "Threads_003\Threads_003.csproj", "{0EE605E6-C97A-469A-AD3F-1FB866DD0AA8}"
EndProject
Project("{FAE04EC0-301F-11D3-BF4B-00C04F79EFBC}") = "Threads_004", "Threads_004\Threads_004.csproj", "{4385058E-BF9E-429C-A1DE-1932590519EA}"
EndProject
Project("{FAE04EC0-301F-11D3-BF4B-00C04F79EFBC}") = "Threads_005", "Threads_005\Threads_005.csproj", "{14B7CD2E-2C27-4E34-8A50-E9E2BC1BD343}"
EndProject
Project("{FAE04EC0-301F-11D3-BF4B-00C04F79EFBC}") = "Threads_006", "Threads_006\Threads_006.csproj", "{D00388BE-753E-4147-8320-3502AB1AFF88}"
EndProject
Project("{FAE04EC0-301F-11D3-BF4B-00C04F79EFBC}") = "Threads_Lock", "Threads_Lock\Threads_Lock.csproj", "{2AD7A610-DB78-4414-944C-D1193A474DA2}"
EndProject
Global
	GlobalSection(SolutionConfigurationPlatforms) = preSolution
		Debug|Any CPU = Debug|Any CPU
		Release|Any CPU = Release|Any CPU
	EndGlobalSection
	GlobalSection(ProjectConfigurationPlatforms) = postSolution
		{07B2E941-5666-4B2D-9B54-220711859990}.Debug|Any CPU.ActiveCfg = Debug|Any CPU
		{07B2E941-5666-4B2D-9B54-220711859990}.Debug|Any CPU.Build.0 = Debug|Any CPU
		{07B2E941-5666-4B2D-9B54-220711859990}.Release|Any CPU.ActiveCfg = Release|Any CPU
		{07B2E941-5666-4B2D-9B54-220711859990}.Release|Any CPU.Build.0 = Release|Any CPU
		{44C4E331-F624-40D3-BABA-F031B814CA9B}.Debug|Any CPU.ActiveCfg = Debug|Any CPU
		{44C4E331-F624-40D3-BABA-F031B814CA9B}.Debug|Any CPU.Build.0 = Debug|Any CPU
		{44C4E331-F624-40D3-BABA-F031B814CA9B}.Release|Any CPU.ActiveCfg = Release|Any CPU
		{44C4E331-F624-40D3-BABA-F031B814CA9B}.Release|Any CPU.Build.0 = Release|Any CPU
		{0EE605E6-C97A-469A-AD3F-1FB866DD0AA8}.Debug|Any CPU.ActiveCfg = Debug|Any CPU
		{0EE605E6-C97A-469A-AD3F-1FB866DD0AA8}.Debug|Any CPU.Build.0 = Debug|Any CPU
		{0EE605E6-C97A-469A-AD3F-1FB866DD0AA8}.Release|Any CPU.ActiveCfg = Release|Any CPU
		{0EE605E6-C97A-469A-AD3F-1FB866DD0AA8}.Release|Any CPU.Build.0 = Release|Any CPU
		{4385058E-BF9E-429C-A1DE-1932590519EA}.Debug|Any CPU.ActiveCfg = Debug|Any CPU
		{4385058E-BF9E-429C-A1DE-1932590519EA}.Debug|Any CPU.Build.0 = Debug|Any CPU
		{4385058E-BF9E-429C-A1DE-1932590519EA}.Release|Any CPU.ActiveCfg = Release|Any CPU
		{4385058E-BF9E-429C-A1DE-1932590519EA}.Release|Any CPU.Build.0 = Release|Any CPU
		{14B7CD2E-2C27-4E34-8A50-E9E2BC1BD343}.Debug|Any CPU.ActiveCfg = Debug|Any CPU
		{14B7CD2E-2C27-4E34-8A50-E9E2BC1BD343}.Debug|Any CPU.Build.0 = Debug|Any CPU
		{14B7CD2E-2C27-4E34-8A50-E9E2BC1BD343}.Release|Any CPU.ActiveCfg = Release|Any CPU
		{14B7CD2E-2C27-4E34-8A50-E9E2BC1BD343}.Release|Any CPU.Build.0 = Release|Any CPU
		{D00388BE-753E-4147-8320-3502AB1AFF88}.Debug|Any CPU.ActiveCfg = Debug|Any CPU
		{D00388BE-753E-4147-8320-3502AB1AFF88}.Debug|Any CPU.Build.0 = Debug|Any CPU
		{D00388BE-753E-4147-8320-3502AB1AFF88}.Release|Any CPU.ActiveCfg = Release|Any CPU
		{D00388BE-753E-4147-8320-3502AB1AFF88}.Release|Any CPU.Build.0 = Release|Any CPU
		{2AD7A610-DB78-4414-944C-D1193A474DA2}.Debug|Any CPU.ActiveCfg = Debug|Any CPU
		{2AD7A610-DB78-4414-944C-D1193A474DA2}.Debug|Any CPU.Build.0 = Debug|Any CPU
		{2AD7A610-DB78-4414-944C-D1193A474DA2}.Release|Any CPU.ActiveCfg = Release|Any CPU
		{2AD7A610-DB78-4414-944C-D1193A474DA2}.Release|Any CPU.Build.0 = Release|Any CPU
	EndGlobalSection
	GlobalSection(SolutionProperties) = preSolution
		HideSolutionNode = FALSE
	EndGlobalSection
	GlobalSection(ExtensibilityGlobals) = postSolution
		SolutionGuid = {8A68A7DD-D392-4FBE-B253-99A8914ECAC0}
	EndGlobalSection
EndGlobal
