
Microsoft Visual Studio Solution File, Format Version 12.00
# Visual Studio Version 16
VisualStudioVersion = 16.0.30804.86
MinimumVisualStudioVersion = 10.0.40219.1
Project("{FAE04EC0-301F-11D3-BF4B-00C04F79EFBC}") = "LINQ_001", "LINQ_001\LINQ_001.csproj", "{CB059441-BA4D-4BF5-B7F0-0D4D1E3C878E}"
EndProject
Project("{FAE04EC0-301F-11D3-BF4B-00C04F79EFBC}") = "LINQ_002", "LINQ_002\LINQ_002.csproj", "{E23210A4-E1CB-4F03-B5FA-63EAABCF7465}"
EndProject
Project("{FAE04EC0-301F-11D3-BF4B-00C04F79EFBC}") = "LINQ_003", "LINQ_003\LINQ_003.csproj", "{0ABEA277-512E-410F-BDE3-A89840102DFA}"
EndProject
Project("{FAE04EC0-301F-11D3-BF4B-00C04F79EFBC}") = "LINQ_004", "LINQ_004\LINQ_004.csproj", "{D2E8073D-6C57-4D06-97CF-BB9AAE088B0A}"
EndProject
Project("{FAE04EC0-301F-11D3-BF4B-00C04F79EFBC}") = "LINQ_005", "LINQ_005\LINQ_005.csproj", "{FFCDE2BD-6FB3-49AC-A2C5-D39A47E42CEA}"
EndProject
Project("{FAE04EC0-301F-11D3-BF4B-00C04F79EFBC}") = "LINQ_006", "LINQ_006\LINQ_006.csproj", "{C0093131-40A8-4563-B98E-C5CE0D2EA840}"
EndProject
Project("{FAE04EC0-301F-11D3-BF4B-00C04F79EFBC}") = "LINQ_007", "LINQ_007\LINQ_007.csproj", "{D94F86F2-94DD-42B0-9DA9-444AF7B007D7}"
EndProject
Global
	GlobalSection(SolutionConfigurationPlatforms) = preSolution
		Debug|Any CPU = Debug|Any CPU
		Release|Any CPU = Release|Any CPU
	EndGlobalSection
	GlobalSection(ProjectConfigurationPlatforms) = postSolution
		{CB059441-BA4D-4BF5-B7F0-0D4D1E3C878E}.Debug|Any CPU.ActiveCfg = Debug|Any CPU
		{CB059441-BA4D-4BF5-B7F0-0D4D1E3C878E}.Debug|Any CPU.Build.0 = Debug|Any CPU
		{CB059441-BA4D-4BF5-B7F0-0D4D1E3C878E}.Release|Any CPU.ActiveCfg = Release|Any CPU
		{CB059441-BA4D-4BF5-B7F0-0D4D1E3C878E}.Release|Any CPU.Build.0 = Release|Any CPU
		{E23210A4-E1CB-4F03-B5FA-63EAABCF7465}.Debug|Any CPU.ActiveCfg = Debug|Any CPU
		{E23210A4-E1CB-4F03-B5FA-63EAABCF7465}.Debug|Any CPU.Build.0 = Debug|Any CPU
		{E23210A4-E1CB-4F03-B5FA-63EAABCF7465}.Release|Any CPU.ActiveCfg = Release|Any CPU
		{E23210A4-E1CB-4F03-B5FA-63EAABCF7465}.Release|Any CPU.Build.0 = Release|Any CPU
		{0ABEA277-512E-410F-BDE3-A89840102DFA}.Debug|Any CPU.ActiveCfg = Debug|Any CPU
		{0ABEA277-512E-410F-BDE3-A89840102DFA}.Debug|Any CPU.Build.0 = Debug|Any CPU
		{0ABEA277-512E-410F-BDE3-A89840102DFA}.Release|Any CPU.ActiveCfg = Release|Any CPU
		{0ABEA277-512E-410F-BDE3-A89840102DFA}.Release|Any CPU.Build.0 = Release|Any CPU
		{D2E8073D-6C57-4D06-97CF-BB9AAE088B0A}.Debug|Any CPU.ActiveCfg = Debug|Any CPU
		{D2E8073D-6C57-4D06-97CF-BB9AAE088B0A}.Debug|Any CPU.Build.0 = Debug|Any CPU
		{D2E8073D-6C57-4D06-97CF-BB9AAE088B0A}.Release|Any CPU.ActiveCfg = Release|Any CPU
		{D2E8073D-6C57-4D06-97CF-BB9AAE088B0A}.Release|Any CPU.Build.0 = Release|Any CPU
		{FFCDE2BD-6FB3-49AC-A2C5-D39A47E42CEA}.Debug|Any CPU.ActiveCfg = Debug|Any CPU
		{FFCDE2BD-6FB3-49AC-A2C5-D39A47E42CEA}.Debug|Any CPU.Build.0 = Debug|Any CPU
		{FFCDE2BD-6FB3-49AC-A2C5-D39A47E42CEA}.Release|Any CPU.ActiveCfg = Release|Any CPU
		{FFCDE2BD-6FB3-49AC-A2C5-D39A47E42CEA}.Release|Any CPU.Build.0 = Release|Any CPU
		{C0093131-40A8-4563-B98E-C5CE0D2EA840}.Debug|Any CPU.ActiveCfg = Debug|Any CPU
		{C0093131-40A8-4563-B98E-C5CE0D2EA840}.Debug|Any CPU.Build.0 = Debug|Any CPU
		{C0093131-40A8-4563-B98E-C5CE0D2EA840}.Release|Any CPU.ActiveCfg = Release|Any CPU
		{C0093131-40A8-4563-B98E-C5CE0D2EA840}.Release|Any CPU.Build.0 = Release|Any CPU
		{D94F86F2-94DD-42B0-9DA9-444AF7B007D7}.Debug|Any CPU.ActiveCfg = Debug|Any CPU
		{D94F86F2-94DD-42B0-9DA9-444AF7B007D7}.Debug|Any CPU.Build.0 = Debug|Any CPU
		{D94F86F2-94DD-42B0-9DA9-444AF7B007D7}.Release|Any CPU.ActiveCfg = Release|Any CPU
		{D94F86F2-94DD-42B0-9DA9-444AF7B007D7}.Release|Any CPU.Build.0 = Release|Any CPU
	EndGlobalSection
	GlobalSection(SolutionProperties) = preSolution
		HideSolutionNode = FALSE
	EndGlobalSection
	GlobalSection(ExtensibilityGlobals) = postSolution
		SolutionGuid = {C148060F-801F-4315-88CF-753693E79C83}
	EndGlobalSection
EndGlobal
